
Microsoft Visual Studio Solution File, Format Version 12.00
# Visual Studio Version 16
VisualStudioVersion = 16.0.29123.88
MinimumVisualStudioVersion = 10.0.40219.1
Project("{FAE04EC0-301F-11D3-BF4B-00C04F79EFBC}") = "BotClient.UWP", "BotClient\BotClient.UWP\BotClient.UWP.csproj", "{2599D587-B10D-46FC-A5BD-36797BC63D56}"
EndProject
Project("{FAE04EC0-301F-11D3-BF4B-00C04F79EFBC}") = "BotClient.Android", "BotClient\BotClient.Android\BotClient.Android.csproj", "{14A9B9FC-632D-468A-99BD-3D2A56254181}"
EndProject
Project("{FAE04EC0-301F-11D3-BF4B-00C04F79EFBC}") = "BotClient.iOS", "BotClient\BotClient.iOS\BotClient.iOS.csproj", "{88141528-DA1F-4D52-971E-567C5AE56FD6}"
EndProject
Project("{FAE04EC0-301F-11D3-BF4B-00C04F79EFBC}") = "BotClient", "BotClient\BotClient\BotClient.csproj", "{92B20B03-49DB-4AA4-AF98-0EE7F89FC896}"
EndProject
Global
	GlobalSection(SolutionConfigurationPlatforms) = preSolution
		Debug|Any CPU = Debug|Any CPU
		Debug|ARM = Debug|ARM
		Debug|iPhone = Debug|iPhone
		Debug|iPhoneSimulator = Debug|iPhoneSimulator
		Debug|x64 = Debug|x64
		Debug|x86 = Debug|x86
		Release|Any CPU = Release|Any CPU
		Release|ARM = Release|ARM
		Release|iPhone = Release|iPhone
		Release|iPhoneSimulator = Release|iPhoneSimulator
		Release|x64 = Release|x64
		Release|x86 = Release|x86
	EndGlobalSection
	GlobalSection(ProjectConfigurationPlatforms) = postSolution
		{2599D587-B10D-46FC-A5BD-36797BC63D56}.Debug|Any CPU.ActiveCfg = Debug|x86
		{2599D587-B10D-46FC-A5BD-36797BC63D56}.Debug|Any CPU.Build.0 = Debug|x86
		{2599D587-B10D-46FC-A5BD-36797BC63D56}.Debug|Any CPU.Deploy.0 = Debug|x86
		{2599D587-B10D-46FC-A5BD-36797BC63D56}.Debug|ARM.ActiveCfg = Debug|ARM
		{2599D587-B10D-46FC-A5BD-36797BC63D56}.Debug|ARM.Build.0 = Debug|ARM
		{2599D587-B10D-46FC-A5BD-36797BC63D56}.Debug|ARM.Deploy.0 = Debug|ARM
		{2599D587-B10D-46FC-A5BD-36797BC63D56}.Debug|iPhone.ActiveCfg = Debug|x86
		{2599D587-B10D-46FC-A5BD-36797BC63D56}.Debug|iPhone.Build.0 = Debug|x86
		{2599D587-B10D-46FC-A5BD-36797BC63D56}.Debug|iPhone.Deploy.0 = Debug|x86
		{2599D587-B10D-46FC-A5BD-36797BC63D56}.Debug|iPhoneSimulator.ActiveCfg = Debug|x86
		{2599D587-B10D-46FC-A5BD-36797BC63D56}.Debug|iPhoneSimulator.Build.0 = Debug|x86
		{2599D587-B10D-46FC-A5BD-36797BC63D56}.Debug|iPhoneSimulator.Deploy.0 = Debug|x86
		{2599D587-B10D-46FC-A5BD-36797BC63D56}.Debug|x64.ActiveCfg = Debug|x64
		{2599D587-B10D-46FC-A5BD-36797BC63D56}.Debug|x64.Build.0 = Debug|x64
		{2599D587-B10D-46FC-A5BD-36797BC63D56}.Debug|x64.Deploy.0 = Debug|x64
		{2599D587-B10D-46FC-A5BD-36797BC63D56}.Debug|x86.ActiveCfg = Debug|x86
		{2599D587-B10D-46FC-A5BD-36797BC63D56}.Debug|x86.Build.0 = Debug|x86
		{2599D587-B10D-46FC-A5BD-36797BC63D56}.Debug|x86.Deploy.0 = Debug|x86
		{2599D587-B10D-46FC-A5BD-36797BC63D56}.Release|Any CPU.ActiveCfg = Release|x86
		{2599D587-B10D-46FC-A5BD-36797BC63D56}.Release|Any CPU.Build.0 = Release|x86
		{2599D587-B10D-46FC-A5BD-36797BC63D56}.Release|Any CPU.Deploy.0 = Release|x86
		{2599D587-B10D-46FC-A5BD-36797BC63D56}.Release|ARM.ActiveCfg = Release|ARM
		{2599D587-B10D-46FC-A5BD-36797BC63D56}.Release|ARM.Build.0 = Release|ARM
		{2599D587-B10D-46FC-A5BD-36797BC63D56}.Release|ARM.Deploy.0 = Release|ARM
		{2599D587-B10D-46FC-A5BD-36797BC63D56}.Release|iPhone.ActiveCfg = Release|x86
		{2599D587-B10D-46FC-A5BD-36797BC63D56}.Release|iPhone.Build.0 = Release|x86
		{2599D587-B10D-46FC-A5BD-36797BC63D56}.Release|iPhone.Deploy.0 = Release|x86
		{2599D587-B10D-46FC-A5BD-36797BC63D56}.Release|iPhoneSimulator.ActiveCfg = Release|x86
		{2599D587-B10D-46FC-A5BD-36797BC63D56}.Release|iPhoneSimulator.Build.0 = Release|x86
		{2599D587-B10D-46FC-A5BD-36797BC63D56}.Release|iPhoneSimulator.Deploy.0 = Release|x86
		{2599D587-B10D-46FC-A5BD-36797BC63D56}.Release|x64.ActiveCfg = Release|x64
		{2599D587-B10D-46FC-A5BD-36797BC63D56}.Release|x64.Build.0 = Release|x64
		{2599D587-B10D-46FC-A5BD-36797BC63D56}.Release|x64.Deploy.0 = Release|x64
		{2599D587-B10D-46FC-A5BD-36797BC63D56}.Release|x86.ActiveCfg = Release|x86
		{2599D587-B10D-46FC-A5BD-36797BC63D56}.Release|x86.Build.0 = Release|x86
		{2599D587-B10D-46FC-A5BD-36797BC63D56}.Release|x86.Deploy.0 = Release|x86
		{14A9B9FC-632D-468A-99BD-3D2A56254181}.Debug|Any CPU.ActiveCfg = Debug|Any CPU
		{14A9B9FC-632D-468A-99BD-3D2A56254181}.Debug|Any CPU.Build.0 = Debug|Any CPU
		{14A9B9FC-632D-468A-99BD-3D2A56254181}.Debug|Any CPU.Deploy.0 = Debug|Any CPU
		{14A9B9FC-632D-468A-99BD-3D2A56254181}.Debug|ARM.ActiveCfg = Debug|Any CPU
		{14A9B9FC-632D-468A-99BD-3D2A56254181}.Debug|ARM.Build.0 = Debug|Any CPU
		{14A9B9FC-632D-468A-99BD-3D2A56254181}.Debug|ARM.Deploy.0 = Debug|Any CPU
		{14A9B9FC-632D-468A-99BD-3D2A56254181}.Debug|iPhone.ActiveCfg = Debug|Any CPU
		{14A9B9FC-632D-468A-99BD-3D2A56254181}.Debug|iPhone.Build.0 = Debug|Any CPU
		{14A9B9FC-632D-468A-99BD-3D2A56254181}.Debug|iPhone.Deploy.0 = Debug|Any CPU
		{14A9B9FC-632D-468A-99BD-3D2A56254181}.Debug|iPhoneSimulator.ActiveCfg = Debug|Any CPU
		{14A9B9FC-632D-468A-99BD-3D2A56254181}.Debug|iPhoneSimulator.Build.0 = Debug|Any CPU
		{14A9B9FC-632D-468A-99BD-3D2A56254181}.Debug|iPhoneSimulator.Deploy.0 = Debug|Any CPU
		{14A9B9FC-632D-468A-99BD-3D2A56254181}.Debug|x64.ActiveCfg = Debug|Any CPU
		{14A9B9FC-632D-468A-99BD-3D2A56254181}.Debug|x64.Build.0 = Debug|Any CPU
		{14A9B9FC-632D-468A-99BD-3D2A56254181}.Debug|x64.Deploy.0 = Debug|Any CPU
		{14A9B9FC-632D-468A-99BD-3D2A56254181}.Debug|x86.ActiveCfg = Debug|Any CPU
		{14A9B9FC-632D-468A-99BD-3D2A56254181}.Debug|x86.Build.0 = Debug|Any CPU
		{14A9B9FC-632D-468A-99BD-3D2A56254181}.Debug|x86.Deploy.0 = Debug|Any CPU
		{14A9B9FC-632D-468A-99BD-3D2A56254181}.Release|Any CPU.ActiveCfg = Release|Any CPU
		{14A9B9FC-632D-468A-99BD-3D2A56254181}.Release|Any CPU.Build.0 = Release|Any CPU
		{14A9B9FC-632D-468A-99BD-3D2A56254181}.Release|Any CPU.Deploy.0 = Release|Any CPU
		{14A9B9FC-632D-468A-99BD-3D2A56254181}.Release|ARM.ActiveCfg = Release|Any CPU
		{14A9B9FC-632D-468A-99BD-3D2A56254181}.Release|ARM.Build.0 = Release|Any CPU
		{14A9B9FC-632D-468A-99BD-3D2A56254181}.Release|ARM.Deploy.0 = Release|Any CPU
		{14A9B9FC-632D-468A-99BD-3D2A56254181}.Release|iPhone.ActiveCfg = Release|Any CPU
		{14A9B9FC-632D-468A-99BD-3D2A56254181}.Release|iPhone.Build.0 = Release|Any CPU
		{14A9B9FC-632D-468A-99BD-3D2A56254181}.Release|iPhone.Deploy.0 = Release|Any CPU
		{14A9B9FC-632D-468A-99BD-3D2A56254181}.Release|iPhoneSimulator.ActiveCfg = Release|Any CPU
		{14A9B9FC-632D-468A-99BD-3D2A56254181}.Release|iPhoneSimulator.Build.0 = Release|Any CPU
		{14A9B9FC-632D-468A-99BD-3D2A56254181}.Release|iPhoneSimulator.Deploy.0 = Release|Any CPU
		{14A9B9FC-632D-468A-99BD-3D2A56254181}.Release|x64.ActiveCfg = Release|Any CPU
		{14A9B9FC-632D-468A-99BD-3D2A56254181}.Release|x64.Build.0 = Release|Any CPU
		{14A9B9FC-632D-468A-99BD-3D2A56254181}.Release|x64.Deploy.0 = Release|Any CPU
		{14A9B9FC-632D-468A-99BD-3D2A56254181}.Release|x86.ActiveCfg = Release|Any CPU
		{14A9B9FC-632D-468A-99BD-3D2A56254181}.Release|x86.Build.0 = Release|Any CPU
		{14A9B9FC-632D-468A-99BD-3D2A56254181}.Release|x86.Deploy.0 = Release|Any CPU
		{88141528-DA1F-4D52-971E-567C5AE56FD6}.Debug|Any CPU.ActiveCfg = Debug|iPhone
		{88141528-DA1F-4D52-971E-567C5AE56FD6}.Debug|Any CPU.Build.0 = Debug|iPhone
		{88141528-DA1F-4D52-971E-567C5AE56FD6}.Debug|Any CPU.Deploy.0 = Debug|iPhone
		{88141528-DA1F-4D52-971E-567C5AE56FD6}.Debug|ARM.ActiveCfg = Debug|iPhoneSimulator
		{88141528-DA1F-4D52-971E-567C5AE56FD6}.Debug|ARM.Build.0 = Debug|iPhoneSimulator
		{88141528-DA1F-4D52-971E-567C5AE56FD6}.Debug|ARM.Deploy.0 = Debug|iPhoneSimulator
		{88141528-DA1F-4D52-971E-567C5AE56FD6}.Debug|iPhone.ActiveCfg = Debug|iPhone
		{88141528-DA1F-4D52-971E-567C5AE56FD6}.Debug|iPhone.Build.0 = Debug|iPhone
		{88141528-DA1F-4D52-971E-567C5AE56FD6}.Debug|iPhone.Deploy.0 = Debug|iPhone
		{88141528-DA1F-4D52-971E-567C5AE56FD6}.Debug|iPhoneSimulator.ActiveCfg = Debug|iPhoneSimulator
		{88141528-DA1F-4D52-971E-567C5AE56FD6}.Debug|iPhoneSimulator.Build.0 = Debug|iPhoneSimulator
		{88141528-DA1F-4D52-971E-567C5AE56FD6}.Debug|iPhoneSimulator.Deploy.0 = Debug|iPhoneSimulator
		{88141528-DA1F-4D52-971E-567C5AE56FD6}.Debug|x64.ActiveCfg = Debug|iPhone
		{88141528-DA1F-4D52-971E-567C5AE56FD6}.Debug|x64.Build.0 = Debug|iPhone
		{88141528-DA1F-4D52-971E-567C5AE56FD6}.Debug|x64.Deploy.0 = Debug|iPhone
		{88141528-DA1F-4D52-971E-567C5AE56FD6}.Debug|x86.ActiveCfg = Debug|iPhone
		{88141528-DA1F-4D52-971E-567C5AE56FD6}.Debug|x86.Build.0 = Debug|iPhone
		{88141528-DA1F-4D52-971E-567C5AE56FD6}.Debug|x86.Deploy.0 = Debug|iPhone
		{88141528-DA1F-4D52-971E-567C5AE56FD6}.Release|Any CPU.ActiveCfg = Release|iPhone
		{88141528-DA1F-4D52-971E-567C5AE56FD6}.Release|Any CPU.Build.0 = Release|iPhone
		{88141528-DA1F-4D52-971E-567C5AE56FD6}.Release|Any CPU.Deploy.0 = Release|iPhone
		{88141528-DA1F-4D52-971E-567C5AE56FD6}.Release|ARM.ActiveCfg = Release|iPhone
		{88141528-DA1F-4D52-971E-567C5AE56FD6}.Release|ARM.Build.0 = Release|iPhone
		{88141528-DA1F-4D52-971E-567C5AE56FD6}.Release|ARM.Deploy.0 = Release|iPhone
		{88141528-DA1F-4D52-971E-567C5AE56FD6}.Release|iPhone.ActiveCfg = Release|iPhone
		{88141528-DA1F-4D52-971E-567C5AE56FD6}.Release|iPhone.Build.0 = Release|iPhone
		{88141528-DA1F-4D52-971E-567C5AE56FD6}.Release|iPhone.Deploy.0 = Release|iPhone
		{88141528-DA1F-4D52-971E-567C5AE56FD6}.Release|iPhoneSimulator.ActiveCfg = Release|iPhoneSimulator
		{88141528-DA1F-4D52-971E-567C5AE56FD6}.Release|iPhoneSimulator.Build.0 = Release|iPhoneSimulator
		{88141528-DA1F-4D52-971E-567C5AE56FD6}.Release|iPhoneSimulator.Deploy.0 = Release|iPhoneSimulator
		{88141528-DA1F-4D52-971E-567C5AE56FD6}.Release|x64.ActiveCfg = Release|iPhone
		{88141528-DA1F-4D52-971E-567C5AE56FD6}.Release|x64.Build.0 = Release|iPhone
		{88141528-DA1F-4D52-971E-567C5AE56FD6}.Release|x64.Deploy.0 = Release|iPhone
		{88141528-DA1F-4D52-971E-567C5AE56FD6}.Release|x86.ActiveCfg = Release|iPhone
		{88141528-DA1F-4D52-971E-567C5AE56FD6}.Release|x86.Build.0 = Release|iPhone
		{88141528-DA1F-4D52-971E-567C5AE56FD6}.Release|x86.Deploy.0 = Release|iPhone
		{92B20B03-49DB-4AA4-AF98-0EE7F89FC896}.Debug|Any CPU.ActiveCfg = Debug|Any CPU
		{92B20B03-49DB-4AA4-AF98-0EE7F89FC896}.Debug|Any CPU.Build.0 = Debug|Any CPU
		{92B20B03-49DB-4AA4-AF98-0EE7F89FC896}.Debug|Any CPU.Deploy.0 = Debug|Any CPU
		{92B20B03-49DB-4AA4-AF98-0EE7F89FC896}.Debug|ARM.ActiveCfg = Debug|Any CPU
		{92B20B03-49DB-4AA4-AF98-0EE7F89FC896}.Debug|ARM.Build.0 = Debug|Any CPU
		{92B20B03-49DB-4AA4-AF98-0EE7F89FC896}.Debug|ARM.Deploy.0 = Debug|Any CPU
		{92B20B03-49DB-4AA4-AF98-0EE7F89FC896}.Debug|iPhone.ActiveCfg = Debug|Any CPU
		{92B20B03-49DB-4AA4-AF98-0EE7F89FC896}.Debug|iPhone.Build.0 = Debug|Any CPU
		{92B20B03-49DB-4AA4-AF98-0EE7F89FC896}.Debug|iPhone.Deploy.0 = Debug|Any CPU
		{92B20B03-49DB-4AA4-AF98-0EE7F89FC896}.Debug|iPhoneSimulator.ActiveCfg = Debug|Any CPU
		{92B20B03-49DB-4AA4-AF98-0EE7F89FC896}.Debug|iPhoneSimulator.Build.0 = Debug|Any CPU
		{92B20B03-49DB-4AA4-AF98-0EE7F89FC896}.Debug|iPhoneSimulator.Deploy.0 = Debug|Any CPU
		{92B20B03-49DB-4AA4-AF98-0EE7F89FC896}.Debug|x64.ActiveCfg = Debug|Any CPU
		{92B20B03-49DB-4AA4-AF98-0EE7F89FC896}.Debug|x64.Build.0 = Debug|Any CPU
		{92B20B03-49DB-4AA4-AF98-0EE7F89FC896}.Debug|x64.Deploy.0 = Debug|Any CPU
		{92B20B03-49DB-4AA4-AF98-0EE7F89FC896}.Debug|x86.ActiveCfg = Debug|Any CPU
		{92B20B03-49DB-4AA4-AF98-0EE7F89FC896}.Debug|x86.Build.0 = Debug|Any CPU
		{92B20B03-49DB-4AA4-AF98-0EE7F89FC896}.Debug|x86.Deploy.0 = Debug|Any CPU
		{92B20B03-49DB-4AA4-AF98-0EE7F89FC896}.Release|Any CPU.ActiveCfg = Release|Any CPU
		{92B20B03-49DB-4AA4-AF98-0EE7F89FC896}.Release|Any CPU.Build.0 = Release|Any CPU
		{92B20B03-49DB-4AA4-AF98-0EE7F89FC896}.Release|Any CPU.Deploy.0 = Release|Any CPU
		{92B20B03-49DB-4AA4-AF98-0EE7F89FC896}.Release|ARM.ActiveCfg = Release|Any CPU
		{92B20B03-49DB-4AA4-AF98-0EE7F89FC896}.Release|ARM.Build.0 = Release|Any CPU
		{92B20B03-49DB-4AA4-AF98-0EE7F89FC896}.Release|ARM.Deploy.0 = Release|Any CPU
		{92B20B03-49DB-4AA4-AF98-0EE7F89FC896}.Release|iPhone.ActiveCfg = Release|Any CPU
		{92B20B03-49DB-4AA4-AF98-0EE7F89FC896}.Release|iPhone.Build.0 = Release|Any CPU
		{92B20B03-49DB-4AA4-AF98-0EE7F89FC896}.Release|iPhone.Deploy.0 = Release|Any CPU
		{92B20B03-49DB-4AA4-AF98-0EE7F89FC896}.Release|iPhoneSimulator.ActiveCfg = Release|Any CPU
		{92B20B03-49DB-4AA4-AF98-0EE7F89FC896}.Release|iPhoneSimulator.Build.0 = Release|Any CPU
		{92B20B03-49DB-4AA4-AF98-0EE7F89FC896}.Release|iPhoneSimulator.Deploy.0 = Release|Any CPU
		{92B20B03-49DB-4AA4-AF98-0EE7F89FC896}.Release|x64.ActiveCfg = Release|Any CPU
		{92B20B03-49DB-4AA4-AF98-0EE7F89FC896}.Release|x64.Build.0 = Release|Any CPU
		{92B20B03-49DB-4AA4-AF98-0EE7F89FC896}.Release|x64.Deploy.0 = Release|Any CPU
		{92B20B03-49DB-4AA4-AF98-0EE7F89FC896}.Release|x86.ActiveCfg = Release|Any CPU
		{92B20B03-49DB-4AA4-AF98-0EE7F89FC896}.Release|x86.Build.0 = Release|Any CPU
		{92B20B03-49DB-4AA4-AF98-0EE7F89FC896}.Release|x86.Deploy.0 = Release|Any CPU
	EndGlobalSection
	GlobalSection(SolutionProperties) = preSolution
		HideSolutionNode = FALSE
	EndGlobalSection
	GlobalSection(ExtensibilityGlobals) = postSolution
		SolutionGuid = {D3541033-C7C5-4BF1-AEBE-383B8524C36A}
	EndGlobalSection
EndGlobal
